
Microsoft Visual Studio Solution File, Format Version 12.00
# Visual Studio Version 17
VisualStudioVersion = 17.8.34525.116
MinimumVisualStudioVersion = 10.0.40219.1
Project("{FAE04EC0-301F-11D3-BF4B-00C04F79EFBC}") = "MdePe.UWP", "MdePe\MdePe.UWP\MdePe.UWP.csproj", "{034004EE-AD75-4A09-ABFA-0A88CCAA470E}"
EndProject
Project("{FAE04EC0-301F-11D3-BF4B-00C04F79EFBC}") = "MdePe.Android", "MdePe\MdePe.Android\MdePe.Android.csproj", "{7083E6C4-1B58-4757-B424-91903622C2A2}"
EndProject
Project("{FAE04EC0-301F-11D3-BF4B-00C04F79EFBC}") = "MdePe.iOS", "MdePe\MdePe.iOS\MdePe.iOS.csproj", "{2D3DD34B-FF62-4698-9F2F-61C266FB1D9B}"
EndProject
Project("{9A19103F-16F7-4668-BE54-9A1E7A4F7556}") = "MdePe", "MdePe\MdePe\MdePe.csproj", "{A8A32FD4-1C76-49A1-A280-A7C07CA25E0B}"
EndProject
Project("{FAE04EC0-301F-11D3-BF4B-00C04F79EFBC}") = "MdePe.Tests", "MdePe.Tests\MdePe.Tests.csproj", "{DD88527D-CE81-4C97-A761-AA1DA734DEDD}"
EndProject
Global
	GlobalSection(SolutionConfigurationPlatforms) = preSolution
		Debug|Any CPU = Debug|Any CPU
		Debug|ARM = Debug|ARM
		Debug|iPhone = Debug|iPhone
		Debug|iPhoneSimulator = Debug|iPhoneSimulator
		Debug|x64 = Debug|x64
		Debug|x86 = Debug|x86
		Release|Any CPU = Release|Any CPU
		Release|ARM = Release|ARM
		Release|iPhone = Release|iPhone
		Release|iPhoneSimulator = Release|iPhoneSimulator
		Release|x64 = Release|x64
		Release|x86 = Release|x86
	EndGlobalSection
	GlobalSection(ProjectConfigurationPlatforms) = postSolution
		{034004EE-AD75-4A09-ABFA-0A88CCAA470E}.Debug|Any CPU.ActiveCfg = Debug|x64
		{034004EE-AD75-4A09-ABFA-0A88CCAA470E}.Debug|Any CPU.Build.0 = Debug|x64
		{034004EE-AD75-4A09-ABFA-0A88CCAA470E}.Debug|Any CPU.Deploy.0 = Debug|x64
		{034004EE-AD75-4A09-ABFA-0A88CCAA470E}.Debug|ARM.ActiveCfg = Debug|ARM
		{034004EE-AD75-4A09-ABFA-0A88CCAA470E}.Debug|ARM.Build.0 = Debug|ARM
		{034004EE-AD75-4A09-ABFA-0A88CCAA470E}.Debug|ARM.Deploy.0 = Debug|ARM
		{034004EE-AD75-4A09-ABFA-0A88CCAA470E}.Debug|iPhone.ActiveCfg = Debug|x64
		{034004EE-AD75-4A09-ABFA-0A88CCAA470E}.Debug|iPhone.Build.0 = Debug|x64
		{034004EE-AD75-4A09-ABFA-0A88CCAA470E}.Debug|iPhone.Deploy.0 = Debug|x64
		{034004EE-AD75-4A09-ABFA-0A88CCAA470E}.Debug|iPhoneSimulator.ActiveCfg = Debug|x64
		{034004EE-AD75-4A09-ABFA-0A88CCAA470E}.Debug|iPhoneSimulator.Build.0 = Debug|x64
		{034004EE-AD75-4A09-ABFA-0A88CCAA470E}.Debug|iPhoneSimulator.Deploy.0 = Debug|x64
		{034004EE-AD75-4A09-ABFA-0A88CCAA470E}.Debug|x64.ActiveCfg = Debug|x64
		{034004EE-AD75-4A09-ABFA-0A88CCAA470E}.Debug|x64.Build.0 = Debug|x64
		{034004EE-AD75-4A09-ABFA-0A88CCAA470E}.Debug|x64.Deploy.0 = Debug|x64
		{034004EE-AD75-4A09-ABFA-0A88CCAA470E}.Debug|x86.ActiveCfg = Debug|x86
		{034004EE-AD75-4A09-ABFA-0A88CCAA470E}.Debug|x86.Build.0 = Debug|x86
		{034004EE-AD75-4A09-ABFA-0A88CCAA470E}.Debug|x86.Deploy.0 = Debug|x86
		{034004EE-AD75-4A09-ABFA-0A88CCAA470E}.Release|Any CPU.ActiveCfg = Release|x64
		{034004EE-AD75-4A09-ABFA-0A88CCAA470E}.Release|Any CPU.Build.0 = Release|x64
		{034004EE-AD75-4A09-ABFA-0A88CCAA470E}.Release|Any CPU.Deploy.0 = Release|x64
		{034004EE-AD75-4A09-ABFA-0A88CCAA470E}.Release|ARM.ActiveCfg = Release|ARM
		{034004EE-AD75-4A09-ABFA-0A88CCAA470E}.Release|ARM.Build.0 = Release|ARM
		{034004EE-AD75-4A09-ABFA-0A88CCAA470E}.Release|ARM.Deploy.0 = Release|ARM
		{034004EE-AD75-4A09-ABFA-0A88CCAA470E}.Release|iPhone.ActiveCfg = Release|x64
		{034004EE-AD75-4A09-ABFA-0A88CCAA470E}.Release|iPhone.Build.0 = Release|x64
		{034004EE-AD75-4A09-ABFA-0A88CCAA470E}.Release|iPhone.Deploy.0 = Release|x64
		{034004EE-AD75-4A09-ABFA-0A88CCAA470E}.Release|iPhoneSimulator.ActiveCfg = Release|x64
		{034004EE-AD75-4A09-ABFA-0A88CCAA470E}.Release|iPhoneSimulator.Build.0 = Release|x64
		{034004EE-AD75-4A09-ABFA-0A88CCAA470E}.Release|iPhoneSimulator.Deploy.0 = Release|x64
		{034004EE-AD75-4A09-ABFA-0A88CCAA470E}.Release|x64.ActiveCfg = Release|x64
		{034004EE-AD75-4A09-ABFA-0A88CCAA470E}.Release|x64.Build.0 = Release|x64
		{034004EE-AD75-4A09-ABFA-0A88CCAA470E}.Release|x64.Deploy.0 = Release|x64
		{034004EE-AD75-4A09-ABFA-0A88CCAA470E}.Release|x86.ActiveCfg = Release|x86
		{034004EE-AD75-4A09-ABFA-0A88CCAA470E}.Release|x86.Build.0 = Release|x86
		{034004EE-AD75-4A09-ABFA-0A88CCAA470E}.Release|x86.Deploy.0 = Release|x86
		{7083E6C4-1B58-4757-B424-91903622C2A2}.Debug|Any CPU.ActiveCfg = Debug|Any CPU
		{7083E6C4-1B58-4757-B424-91903622C2A2}.Debug|Any CPU.Build.0 = Debug|Any CPU
		{7083E6C4-1B58-4757-B424-91903622C2A2}.Debug|Any CPU.Deploy.0 = Debug|Any CPU
		{7083E6C4-1B58-4757-B424-91903622C2A2}.Debug|ARM.ActiveCfg = Debug|Any CPU
		{7083E6C4-1B58-4757-B424-91903622C2A2}.Debug|ARM.Build.0 = Debug|Any CPU
		{7083E6C4-1B58-4757-B424-91903622C2A2}.Debug|ARM.Deploy.0 = Debug|Any CPU
		{7083E6C4-1B58-4757-B424-91903622C2A2}.Debug|iPhone.ActiveCfg = Debug|Any CPU
		{7083E6C4-1B58-4757-B424-91903622C2A2}.Debug|iPhone.Build.0 = Debug|Any CPU
		{7083E6C4-1B58-4757-B424-91903622C2A2}.Debug|iPhone.Deploy.0 = Debug|Any CPU
		{7083E6C4-1B58-4757-B424-91903622C2A2}.Debug|iPhoneSimulator.ActiveCfg = Debug|Any CPU
		{7083E6C4-1B58-4757-B424-91903622C2A2}.Debug|iPhoneSimulator.Build.0 = Debug|Any CPU
		{7083E6C4-1B58-4757-B424-91903622C2A2}.Debug|iPhoneSimulator.Deploy.0 = Debug|Any CPU
		{7083E6C4-1B58-4757-B424-91903622C2A2}.Debug|x64.ActiveCfg = Debug|Any CPU
		{7083E6C4-1B58-4757-B424-91903622C2A2}.Debug|x64.Build.0 = Debug|Any CPU
		{7083E6C4-1B58-4757-B424-91903622C2A2}.Debug|x64.Deploy.0 = Debug|Any CPU
		{7083E6C4-1B58-4757-B424-91903622C2A2}.Debug|x86.ActiveCfg = Debug|Any CPU
		{7083E6C4-1B58-4757-B424-91903622C2A2}.Debug|x86.Build.0 = Debug|Any CPU
		{7083E6C4-1B58-4757-B424-91903622C2A2}.Debug|x86.Deploy.0 = Debug|Any CPU
		{7083E6C4-1B58-4757-B424-91903622C2A2}.Release|Any CPU.ActiveCfg = Release|Any CPU
		{7083E6C4-1B58-4757-B424-91903622C2A2}.Release|Any CPU.Build.0 = Release|Any CPU
		{7083E6C4-1B58-4757-B424-91903622C2A2}.Release|Any CPU.Deploy.0 = Release|Any CPU
		{7083E6C4-1B58-4757-B424-91903622C2A2}.Release|ARM.ActiveCfg = Release|Any CPU
		{7083E6C4-1B58-4757-B424-91903622C2A2}.Release|ARM.Build.0 = Release|Any CPU
		{7083E6C4-1B58-4757-B424-91903622C2A2}.Release|ARM.Deploy.0 = Release|Any CPU
		{7083E6C4-1B58-4757-B424-91903622C2A2}.Release|iPhone.ActiveCfg = Release|Any CPU
		{7083E6C4-1B58-4757-B424-91903622C2A2}.Release|iPhone.Build.0 = Release|Any CPU
		{7083E6C4-1B58-4757-B424-91903622C2A2}.Release|iPhone.Deploy.0 = Release|Any CPU
		{7083E6C4-1B58-4757-B424-91903622C2A2}.Release|iPhoneSimulator.ActiveCfg = Release|Any CPU
		{7083E6C4-1B58-4757-B424-91903622C2A2}.Release|iPhoneSimulator.Build.0 = Release|Any CPU
		{7083E6C4-1B58-4757-B424-91903622C2A2}.Release|iPhoneSimulator.Deploy.0 = Release|Any CPU
		{7083E6C4-1B58-4757-B424-91903622C2A2}.Release|x64.ActiveCfg = Release|Any CPU
		{7083E6C4-1B58-4757-B424-91903622C2A2}.Release|x64.Build.0 = Release|Any CPU
		{7083E6C4-1B58-4757-B424-91903622C2A2}.Release|x64.Deploy.0 = Release|Any CPU
		{7083E6C4-1B58-4757-B424-91903622C2A2}.Release|x86.ActiveCfg = Release|Any CPU
		{7083E6C4-1B58-4757-B424-91903622C2A2}.Release|x86.Build.0 = Release|Any CPU
		{7083E6C4-1B58-4757-B424-91903622C2A2}.Release|x86.Deploy.0 = Release|Any CPU
		{2D3DD34B-FF62-4698-9F2F-61C266FB1D9B}.Debug|Any CPU.ActiveCfg = Debug|iPhoneSimulator
		{2D3DD34B-FF62-4698-9F2F-61C266FB1D9B}.Debug|Any CPU.Build.0 = Debug|iPhoneSimulator
		{2D3DD34B-FF62-4698-9F2F-61C266FB1D9B}.Debug|Any CPU.Deploy.0 = Debug|iPhoneSimulator
		{2D3DD34B-FF62-4698-9F2F-61C266FB1D9B}.Debug|ARM.ActiveCfg = Debug|iPhoneSimulator
		{2D3DD34B-FF62-4698-9F2F-61C266FB1D9B}.Debug|ARM.Build.0 = Debug|iPhoneSimulator
		{2D3DD34B-FF62-4698-9F2F-61C266FB1D9B}.Debug|ARM.Deploy.0 = Debug|iPhoneSimulator
		{2D3DD34B-FF62-4698-9F2F-61C266FB1D9B}.Debug|iPhone.ActiveCfg = Debug|iPhone
		{2D3DD34B-FF62-4698-9F2F-61C266FB1D9B}.Debug|iPhone.Build.0 = Debug|iPhone
		{2D3DD34B-FF62-4698-9F2F-61C266FB1D9B}.Debug|iPhone.Deploy.0 = Debug|iPhone
		{2D3DD34B-FF62-4698-9F2F-61C266FB1D9B}.Debug|iPhoneSimulator.ActiveCfg = Debug|iPhoneSimulator
		{2D3DD34B-FF62-4698-9F2F-61C266FB1D9B}.Debug|iPhoneSimulator.Build.0 = Debug|iPhoneSimulator
		{2D3DD34B-FF62-4698-9F2F-61C266FB1D9B}.Debug|iPhoneSimulator.Deploy.0 = Debug|iPhoneSimulator
		{2D3DD34B-FF62-4698-9F2F-61C266FB1D9B}.Debug|x64.ActiveCfg = Debug|iPhone
		{2D3DD34B-FF62-4698-9F2F-61C266FB1D9B}.Debug|x64.Build.0 = Debug|iPhone
		{2D3DD34B-FF62-4698-9F2F-61C266FB1D9B}.Debug|x64.Deploy.0 = Debug|iPhone
		{2D3DD34B-FF62-4698-9F2F-61C266FB1D9B}.Debug|x86.ActiveCfg = Debug|iPhoneSimulator
		{2D3DD34B-FF62-4698-9F2F-61C266FB1D9B}.Debug|x86.Build.0 = Debug|iPhoneSimulator
		{2D3DD34B-FF62-4698-9F2F-61C266FB1D9B}.Debug|x86.Deploy.0 = Debug|iPhoneSimulator
		{2D3DD34B-FF62-4698-9F2F-61C266FB1D9B}.Release|Any CPU.ActiveCfg = Release|iPhoneSimulator
		{2D3DD34B-FF62-4698-9F2F-61C266FB1D9B}.Release|Any CPU.Build.0 = Release|iPhoneSimulator
		{2D3DD34B-FF62-4698-9F2F-61C266FB1D9B}.Release|Any CPU.Deploy.0 = Release|iPhoneSimulator
		{2D3DD34B-FF62-4698-9F2F-61C266FB1D9B}.Release|ARM.ActiveCfg = Release|iPhoneSimulator
		{2D3DD34B-FF62-4698-9F2F-61C266FB1D9B}.Release|ARM.Build.0 = Release|iPhoneSimulator
		{2D3DD34B-FF62-4698-9F2F-61C266FB1D9B}.Release|ARM.Deploy.0 = Release|iPhoneSimulator
		{2D3DD34B-FF62-4698-9F2F-61C266FB1D9B}.Release|iPhone.ActiveCfg = Release|iPhone
		{2D3DD34B-FF62-4698-9F2F-61C266FB1D9B}.Release|iPhone.Build.0 = Release|iPhone
		{2D3DD34B-FF62-4698-9F2F-61C266FB1D9B}.Release|iPhone.Deploy.0 = Release|iPhone
		{2D3DD34B-FF62-4698-9F2F-61C266FB1D9B}.Release|iPhoneSimulator.ActiveCfg = Release|iPhoneSimulator
		{2D3DD34B-FF62-4698-9F2F-61C266FB1D9B}.Release|iPhoneSimulator.Build.0 = Release|iPhoneSimulator
		{2D3DD34B-FF62-4698-9F2F-61C266FB1D9B}.Release|iPhoneSimulator.Deploy.0 = Release|iPhoneSimulator
		{2D3DD34B-FF62-4698-9F2F-61C266FB1D9B}.Release|x64.ActiveCfg = Release|iPhoneSimulator
		{2D3DD34B-FF62-4698-9F2F-61C266FB1D9B}.Release|x64.Build.0 = Release|iPhoneSimulator
		{2D3DD34B-FF62-4698-9F2F-61C266FB1D9B}.Release|x64.Deploy.0 = Release|iPhoneSimulator
		{2D3DD34B-FF62-4698-9F2F-61C266FB1D9B}.Release|x86.ActiveCfg = Release|iPhoneSimulator
		{2D3DD34B-FF62-4698-9F2F-61C266FB1D9B}.Release|x86.Build.0 = Release|iPhoneSimulator
		{2D3DD34B-FF62-4698-9F2F-61C266FB1D9B}.Release|x86.Deploy.0 = Release|iPhoneSimulator
		{A8A32FD4-1C76-49A1-A280-A7C07CA25E0B}.Debug|Any CPU.ActiveCfg = Debug|Any CPU
		{A8A32FD4-1C76-49A1-A280-A7C07CA25E0B}.Debug|Any CPU.Build.0 = Debug|Any CPU
		{A8A32FD4-1C76-49A1-A280-A7C07CA25E0B}.Debug|Any CPU.Deploy.0 = Debug|Any CPU
		{A8A32FD4-1C76-49A1-A280-A7C07CA25E0B}.Debug|ARM.ActiveCfg = Debug|Any CPU
		{A8A32FD4-1C76-49A1-A280-A7C07CA25E0B}.Debug|ARM.Build.0 = Debug|Any CPU
		{A8A32FD4-1C76-49A1-A280-A7C07CA25E0B}.Debug|ARM.Deploy.0 = Debug|Any CPU
		{A8A32FD4-1C76-49A1-A280-A7C07CA25E0B}.Debug|iPhone.ActiveCfg = Debug|Any CPU
		{A8A32FD4-1C76-49A1-A280-A7C07CA25E0B}.Debug|iPhone.Build.0 = Debug|Any CPU
		{A8A32FD4-1C76-49A1-A280-A7C07CA25E0B}.Debug|iPhone.Deploy.0 = Debug|Any CPU
		{A8A32FD4-1C76-49A1-A280-A7C07CA25E0B}.Debug|iPhoneSimulator.ActiveCfg = Debug|Any CPU
		{A8A32FD4-1C76-49A1-A280-A7C07CA25E0B}.Debug|iPhoneSimulator.Build.0 = Debug|Any CPU
		{A8A32FD4-1C76-49A1-A280-A7C07CA25E0B}.Debug|iPhoneSimulator.Deploy.0 = Debug|Any CPU
		{A8A32FD4-1C76-49A1-A280-A7C07CA25E0B}.Debug|x64.ActiveCfg = Debug|Any CPU
		{A8A32FD4-1C76-49A1-A280-A7C07CA25E0B}.Debug|x64.Build.0 = Debug|Any CPU
		{A8A32FD4-1C76-49A1-A280-A7C07CA25E0B}.Debug|x64.Deploy.0 = Debug|Any CPU
		{A8A32FD4-1C76-49A1-A280-A7C07CA25E0B}.Debug|x86.ActiveCfg = Debug|Any CPU
		{A8A32FD4-1C76-49A1-A280-A7C07CA25E0B}.Debug|x86.Build.0 = Debug|Any CPU
		{A8A32FD4-1C76-49A1-A280-A7C07CA25E0B}.Debug|x86.Deploy.0 = Debug|Any CPU
		{A8A32FD4-1C76-49A1-A280-A7C07CA25E0B}.Release|Any CPU.ActiveCfg = Release|Any CPU
		{A8A32FD4-1C76-49A1-A280-A7C07CA25E0B}.Release|Any CPU.Build.0 = Release|Any CPU
		{A8A32FD4-1C76-49A1-A280-A7C07CA25E0B}.Release|Any CPU.Deploy.0 = Release|Any CPU
		{A8A32FD4-1C76-49A1-A280-A7C07CA25E0B}.Release|ARM.ActiveCfg = Release|Any CPU
		{A8A32FD4-1C76-49A1-A280-A7C07CA25E0B}.Release|ARM.Build.0 = Release|Any CPU
		{A8A32FD4-1C76-49A1-A280-A7C07CA25E0B}.Release|ARM.Deploy.0 = Release|Any CPU
		{A8A32FD4-1C76-49A1-A280-A7C07CA25E0B}.Release|iPhone.ActiveCfg = Release|Any CPU
		{A8A32FD4-1C76-49A1-A280-A7C07CA25E0B}.Release|iPhone.Build.0 = Release|Any CPU
		{A8A32FD4-1C76-49A1-A280-A7C07CA25E0B}.Release|iPhone.Deploy.0 = Release|Any CPU
		{A8A32FD4-1C76-49A1-A280-A7C07CA25E0B}.Release|iPhoneSimulator.ActiveCfg = Release|Any CPU
		{A8A32FD4-1C76-49A1-A280-A7C07CA25E0B}.Release|iPhoneSimulator.Build.0 = Release|Any CPU
		{A8A32FD4-1C76-49A1-A280-A7C07CA25E0B}.Release|iPhoneSimulator.Deploy.0 = Release|Any CPU
		{A8A32FD4-1C76-49A1-A280-A7C07CA25E0B}.Release|x64.ActiveCfg = Release|Any CPU
		{A8A32FD4-1C76-49A1-A280-A7C07CA25E0B}.Release|x64.Build.0 = Release|Any CPU
		{A8A32FD4-1C76-49A1-A280-A7C07CA25E0B}.Release|x64.Deploy.0 = Release|Any CPU
		{A8A32FD4-1C76-49A1-A280-A7C07CA25E0B}.Release|x86.ActiveCfg = Release|Any CPU
		{A8A32FD4-1C76-49A1-A280-A7C07CA25E0B}.Release|x86.Build.0 = Release|Any CPU
		{A8A32FD4-1C76-49A1-A280-A7C07CA25E0B}.Release|x86.Deploy.0 = Release|Any CPU
		{DD88527D-CE81-4C97-A761-AA1DA734DEDD}.Debug|Any CPU.ActiveCfg = Debug|Any CPU
		{DD88527D-CE81-4C97-A761-AA1DA734DEDD}.Debug|Any CPU.Build.0 = Debug|Any CPU
		{DD88527D-CE81-4C97-A761-AA1DA734DEDD}.Debug|ARM.ActiveCfg = Debug|Any CPU
		{DD88527D-CE81-4C97-A761-AA1DA734DEDD}.Debug|ARM.Build.0 = Debug|Any CPU
		{DD88527D-CE81-4C97-A761-AA1DA734DEDD}.Debug|iPhone.ActiveCfg = Debug|Any CPU
		{DD88527D-CE81-4C97-A761-AA1DA734DEDD}.Debug|iPhone.Build.0 = Debug|Any CPU
		{DD88527D-CE81-4C97-A761-AA1DA734DEDD}.Debug|iPhoneSimulator.ActiveCfg = Debug|Any CPU
		{DD88527D-CE81-4C97-A761-AA1DA734DEDD}.Debug|iPhoneSimulator.Build.0 = Debug|Any CPU
		{DD88527D-CE81-4C97-A761-AA1DA734DEDD}.Debug|x64.ActiveCfg = Debug|Any CPU
		{DD88527D-CE81-4C97-A761-AA1DA734DEDD}.Debug|x64.Build.0 = Debug|Any CPU
		{DD88527D-CE81-4C97-A761-AA1DA734DEDD}.Debug|x86.ActiveCfg = Debug|Any CPU
		{DD88527D-CE81-4C97-A761-AA1DA734DEDD}.Debug|x86.Build.0 = Debug|Any CPU
		{DD88527D-CE81-4C97-A761-AA1DA734DEDD}.Release|Any CPU.ActiveCfg = Release|Any CPU
		{DD88527D-CE81-4C97-A761-AA1DA734DEDD}.Release|Any CPU.Build.0 = Release|Any CPU
		{DD88527D-CE81-4C97-A761-AA1DA734DEDD}.Release|ARM.ActiveCfg = Release|Any CPU
		{DD88527D-CE81-4C97-A761-AA1DA734DEDD}.Release|ARM.Build.0 = Release|Any CPU
		{DD88527D-CE81-4C97-A761-AA1DA734DEDD}.Release|iPhone.ActiveCfg = Release|Any CPU
		{DD88527D-CE81-4C97-A761-AA1DA734DEDD}.Release|iPhone.Build.0 = Release|Any CPU
		{DD88527D-CE81-4C97-A761-AA1DA734DEDD}.Release|iPhoneSimulator.ActiveCfg = Release|Any CPU
		{DD88527D-CE81-4C97-A761-AA1DA734DEDD}.Release|iPhoneSimulator.Build.0 = Release|Any CPU
		{DD88527D-CE81-4C97-A761-AA1DA734DEDD}.Release|x64.ActiveCfg = Release|Any CPU
		{DD88527D-CE81-4C97-A761-AA1DA734DEDD}.Release|x64.Build.0 = Release|Any CPU
		{DD88527D-CE81-4C97-A761-AA1DA734DEDD}.Release|x86.ActiveCfg = Release|Any CPU
		{DD88527D-CE81-4C97-A761-AA1DA734DEDD}.Release|x86.Build.0 = Release|Any CPU
	EndGlobalSection
	GlobalSection(SolutionProperties) = preSolution
		HideSolutionNode = FALSE
	EndGlobalSection
	GlobalSection(ExtensibilityGlobals) = postSolution
		SolutionGuid = {328718DD-A6F4-4100-9EFF-86DEFEC12374}
	EndGlobalSection
EndGlobal
